// !$*UTF8*$!
{
	archiveVersion = 1;
	classes = {
	};
	objectVersion = 50;
	objects = {

/* Begin PBXBuildFile section */
		A42C6E7324DA6BFE001450CC /* FavoritesController.swift in Sources */ = {isa = PBXBuildFile; fileRef = A42C6E7224DA6BFE001450CC /* FavoritesController.swift */; };
		A42C6E7524DB1F3C001450CC /* DisputeCell.swift in Sources */ = {isa = PBXBuildFile; fileRef = A42C6E7424DB1F3C001450CC /* DisputeCell.swift */; };
		A42C6E7724DB31E7001450CC /* ItemView.swift in Sources */ = {isa = PBXBuildFile; fileRef = A42C6E7624DB31E7001450CC /* ItemView.swift */; };
		A45DB82224D8B4B90050A624 /* AccountsStore.swift in Sources */ = {isa = PBXBuildFile; fileRef = A45DB82124D8B4B90050A624 /* AccountsStore.swift */; };
		A45DB82424D8B7510050A624 /* UITableViewController+EmptyView.swift in Sources */ = {isa = PBXBuildFile; fileRef = A45DB82324D8B7510050A624 /* UITableViewController+EmptyView.swift */; };
		A45DB82624D8B7CD0050A624 /* AccountRow.swift in Sources */ = {isa = PBXBuildFile; fileRef = A45DB82524D8B7CD0050A624 /* AccountRow.swift */; };
		A474980924D8D976005AB41B /* UINavigationController+Swipe.swift in Sources */ = {isa = PBXBuildFile; fileRef = A474980824D8D976005AB41B /* UINavigationController+Swipe.swift */; };
		A474BAF024D8CFAB00AC16E1 /* DetailsController.swift in Sources */ = {isa = PBXBuildFile; fileRef = A474BAEF24D8CFAB00AC16E1 /* DetailsController.swift */; };
		A4BFDFFE24D88ABD009AC522 /* AppDelegate.swift in Sources */ = {isa = PBXBuildFile; fileRef = A4BFDFFD24D88ABD009AC522 /* AppDelegate.swift */; };
		A4BFE00024D88ABD009AC522 /* SceneDelegate.swift in Sources */ = {isa = PBXBuildFile; fileRef = A4BFDFFF24D88ABD009AC522 /* SceneDelegate.swift */; };
		A4BFE00224D88ABD009AC522 /* RootController.swift in Sources */ = {isa = PBXBuildFile; fileRef = A4BFE00124D88ABD009AC522 /* RootController.swift */; };
		A4BFE00724D88ABE009AC522 /* Assets.xcassets in Resources */ = {isa = PBXBuildFile; fileRef = A4BFE00624D88ABE009AC522 /* Assets.xcassets */; };
		A4BFE00A24D88ABE009AC522 /* LaunchScreen.storyboard in Resources */ = {isa = PBXBuildFile; fileRef = A4BFE00824D88ABE009AC522 /* LaunchScreen.storyboard */; };
		A4BFE01524D88ABE009AC522 /* GiaTests.swift in Sources */ = {isa = PBXBuildFile; fileRef = A4BFE01424D88ABE009AC522 /* GiaTests.swift */; };
		A4BFE02024D88B6A009AC522 /* HomeController.swift in Sources */ = {isa = PBXBuildFile; fileRef = A4BFE01F24D88B6A009AC522 /* HomeController.swift */; };
		A4BFE02524D88F87009AC522 /* UIViewController+Add.swift in Sources */ = {isa = PBXBuildFile; fileRef = A4BFE02424D88F87009AC522 /* UIViewController+Add.swift */; };
		A4BFE02724D89172009AC522 /* Models.swift in Sources */ = {isa = PBXBuildFile; fileRef = A4BFE02624D89172009AC522 /* Models.swift */; };
		A4BFE02E24D89189009AC522 /* disputes.json in Resources */ = {isa = PBXBuildFile; fileRef = A4BFE02924D89189009AC522 /* disputes.json */; };
		A4BFE02F24D89189009AC522 /* accounts.json in Resources */ = {isa = PBXBuildFile; fileRef = A4BFE02A24D89189009AC522 /* accounts.json */; };
		A4BFE03024D89189009AC522 /* invoices.json in Resources */ = {isa = PBXBuildFile; fileRef = A4BFE02B24D89189009AC522 /* invoices.json */; };
		A4BFE03124D89189009AC522 /* payments.json in Resources */ = {isa = PBXBuildFile; fileRef = A4BFE02C24D89189009AC522 /* payments.json */; };
		A4BFE03224D89189009AC522 /* acctdetails.json in Resources */ = {isa = PBXBuildFile; fileRef = A4BFE02D24D89189009AC522 /* acctdetails.json */; };
		A4BFE03424D89223009AC522 /* EmptyListController.swift in Sources */ = {isa = PBXBuildFile; fileRef = A4BFE03324D89223009AC522 /* EmptyListController.swift */; };
		A4BFE03724D894C8009AC522 /* AddAccountController.swift in Sources */ = {isa = PBXBuildFile; fileRef = A4BFE03624D894C8009AC522 /* AddAccountController.swift */; };
		A4BFE03924D89790009AC522 /* Bundle+Decode.swift in Sources */ = {isa = PBXBuildFile; fileRef = A4BFE03824D89790009AC522 /* Bundle+Decode.swift */; };
		A4F6A64724DA62B900FC4CA3 /* DetailsController+Details.swift in Sources */ = {isa = PBXBuildFile; fileRef = A4F6A64624DA62B900FC4CA3 /* DetailsController+Details.swift */; };
		A4F6A64924DA648F00FC4CA3 /* DetailsRow.swift in Sources */ = {isa = PBXBuildFile; fileRef = A4F6A64824DA648F00FC4CA3 /* DetailsRow.swift */; };
/* End PBXBuildFile section */

/* Begin PBXContainerItemProxy section */
		A4BFE01124D88ABE009AC522 /* PBXContainerItemProxy */ = {
			isa = PBXContainerItemProxy;
			containerPortal = A4BFDFF224D88ABD009AC522 /* Project object */;
			proxyType = 1;
			remoteGlobalIDString = A4BFDFF924D88ABD009AC522;
			remoteInfo = Gia;
		};
/* End PBXContainerItemProxy section */

/* Begin PBXFileReference section */
		A42C6E7224DA6BFE001450CC /* FavoritesController.swift */ = {isa = PBXFileReference; lastKnownFileType = sourcecode.swift; path = FavoritesController.swift; sourceTree = "<group>"; };
		A42C6E7424DB1F3C001450CC /* DisputeCell.swift */ = {isa = PBXFileReference; lastKnownFileType = sourcecode.swift; path = DisputeCell.swift; sourceTree = "<group>"; };
		A42C6E7624DB31E7001450CC /* ItemView.swift */ = {isa = PBXFileReference; lastKnownFileType = sourcecode.swift; path = ItemView.swift; sourceTree = "<group>"; };
		A45DB82124D8B4B90050A624 /* AccountsStore.swift */ = {isa = PBXFileReference; lastKnownFileType = sourcecode.swift; path = AccountsStore.swift; sourceTree = "<group>"; };
		A45DB82324D8B7510050A624 /* UITableViewController+EmptyView.swift */ = {isa = PBXFileReference; lastKnownFileType = sourcecode.swift; path = "UITableViewController+EmptyView.swift"; sourceTree = "<group>"; };
		A45DB82524D8B7CD0050A624 /* AccountRow.swift */ = {isa = PBXFileReference; lastKnownFileType = sourcecode.swift; path = AccountRow.swift; sourceTree = "<group>"; };
		A474980824D8D976005AB41B /* UINavigationController+Swipe.swift */ = {isa = PBXFileReference; lastKnownFileType = sourcecode.swift; path = "UINavigationController+Swipe.swift"; sourceTree = "<group>"; };
		A474BAEF24D8CFAB00AC16E1 /* DetailsController.swift */ = {isa = PBXFileReference; lastKnownFileType = sourcecode.swift; path = DetailsController.swift; sourceTree = "<group>"; };
		A4BFDFFA24D88ABD009AC522 /* Gia.app */ = {isa = PBXFileReference; explicitFileType = wrapper.application; includeInIndex = 0; path = Gia.app; sourceTree = BUILT_PRODUCTS_DIR; };
		A4BFDFFD24D88ABD009AC522 /* AppDelegate.swift */ = {isa = PBXFileReference; lastKnownFileType = sourcecode.swift; path = AppDelegate.swift; sourceTree = "<group>"; };
		A4BFDFFF24D88ABD009AC522 /* SceneDelegate.swift */ = {isa = PBXFileReference; lastKnownFileType = sourcecode.swift; path = SceneDelegate.swift; sourceTree = "<group>"; };
		A4BFE00124D88ABD009AC522 /* RootController.swift */ = {isa = PBXFileReference; lastKnownFileType = sourcecode.swift; path = RootController.swift; sourceTree = "<group>"; };
		A4BFE00624D88ABE009AC522 /* Assets.xcassets */ = {isa = PBXFileReference; lastKnownFileType = folder.assetcatalog; path = Assets.xcassets; sourceTree = "<group>"; };
		A4BFE00924D88ABE009AC522 /* Base */ = {isa = PBXFileReference; lastKnownFileType = file.storyboard; name = Base; path = Base.lproj/LaunchScreen.storyboard; sourceTree = "<group>"; };
		A4BFE00B24D88ABE009AC522 /* Info.plist */ = {isa = PBXFileReference; lastKnownFileType = text.plist.xml; path = Info.plist; sourceTree = "<group>"; };
		A4BFE01024D88ABE009AC522 /* GiaTests.xctest */ = {isa = PBXFileReference; explicitFileType = wrapper.cfbundle; includeInIndex = 0; path = GiaTests.xctest; sourceTree = BUILT_PRODUCTS_DIR; };
		A4BFE01424D88ABE009AC522 /* GiaTests.swift */ = {isa = PBXFileReference; lastKnownFileType = sourcecode.swift; path = GiaTests.swift; sourceTree = "<group>"; };
		A4BFE01624D88ABE009AC522 /* Info.plist */ = {isa = PBXFileReference; lastKnownFileType = text.plist.xml; path = Info.plist; sourceTree = "<group>"; };
		A4BFE01F24D88B6A009AC522 /* HomeController.swift */ = {isa = PBXFileReference; lastKnownFileType = sourcecode.swift; path = HomeController.swift; sourceTree = "<group>"; };
		A4BFE02424D88F87009AC522 /* UIViewController+Add.swift */ = {isa = PBXFileReference; lastKnownFileType = sourcecode.swift; path = "UIViewController+Add.swift"; sourceTree = "<group>"; };
		A4BFE02624D89172009AC522 /* Models.swift */ = {isa = PBXFileReference; lastKnownFileType = sourcecode.swift; path = Models.swift; sourceTree = "<group>"; };
		A4BFE02924D89189009AC522 /* disputes.json */ = {isa = PBXFileReference; fileEncoding = 4; lastKnownFileType = text.json; path = disputes.json; sourceTree = "<group>"; };
		A4BFE02A24D89189009AC522 /* accounts.json */ = {isa = PBXFileReference; fileEncoding = 4; lastKnownFileType = text.json; path = accounts.json; sourceTree = "<group>"; };
		A4BFE02B24D89189009AC522 /* invoices.json */ = {isa = PBXFileReference; fileEncoding = 4; lastKnownFileType = text.json; path = invoices.json; sourceTree = "<group>"; };
		A4BFE02C24D89189009AC522 /* payments.json */ = {isa = PBXFileReference; fileEncoding = 4; lastKnownFileType = text.json; path = payments.json; sourceTree = "<group>"; };
		A4BFE02D24D89189009AC522 /* acctdetails.json */ = {isa = PBXFileReference; fileEncoding = 4; lastKnownFileType = text.json; path = acctdetails.json; sourceTree = "<group>"; };
		A4BFE03324D89223009AC522 /* EmptyListController.swift */ = {isa = PBXFileReference; lastKnownFileType = sourcecode.swift; path = EmptyListController.swift; sourceTree = "<group>"; };
		A4BFE03624D894C8009AC522 /* AddAccountController.swift */ = {isa = PBXFileReference; lastKnownFileType = sourcecode.swift; path = AddAccountController.swift; sourceTree = "<group>"; };
		A4BFE03824D89790009AC522 /* Bundle+Decode.swift */ = {isa = PBXFileReference; lastKnownFileType = sourcecode.swift; path = "Bundle+Decode.swift"; sourceTree = "<group>"; };
		A4F6A64624DA62B900FC4CA3 /* DetailsController+Details.swift */ = {isa = PBXFileReference; lastKnownFileType = sourcecode.swift; path = "DetailsController+Details.swift"; sourceTree = "<group>"; };
		A4F6A64824DA648F00FC4CA3 /* DetailsRow.swift */ = {isa = PBXFileReference; lastKnownFileType = sourcecode.swift; path = DetailsRow.swift; sourceTree = "<group>"; };
/* End PBXFileReference section */

/* Begin PBXFrameworksBuildPhase section */
		A4BFDFF724D88ABD009AC522 /* Frameworks */ = {
			isa = PBXFrameworksBuildPhase;
			buildActionMask = 2147483647;
			files = (
			);
			runOnlyForDeploymentPostprocessing = 0;
		};
		A4BFE00D24D88ABE009AC522 /* Frameworks */ = {
			isa = PBXFrameworksBuildPhase;
			buildActionMask = 2147483647;
			files = (
			);
			runOnlyForDeploymentPostprocessing = 0;
		};
/* End PBXFrameworksBuildPhase section */

/* Begin PBXGroup section */
		A4BFDFF124D88ABD009AC522 = {
			isa = PBXGroup;
			children = (
				A4BFDFFC24D88ABD009AC522 /* Gia */,
				A4BFE01324D88ABE009AC522 /* GiaTests */,
				A4BFDFFB24D88ABD009AC522 /* Products */,
			);
			sourceTree = "<group>";
		};
		A4BFDFFB24D88ABD009AC522 /* Products */ = {
			isa = PBXGroup;
			children = (
				A4BFDFFA24D88ABD009AC522 /* Gia.app */,
				A4BFE01024D88ABE009AC522 /* GiaTests.xctest */,
			);
			name = Products;
			sourceTree = "<group>";
		};
		A4BFDFFC24D88ABD009AC522 /* Gia */ = {
			isa = PBXGroup;
			children = (
				A4BFE03524D89480009AC522 /* Components */,
				A4BFE02824D89179009AC522 /* Resources */,
				A4BFE02324D88F7E009AC522 /* Extensions */,
				A4BFDFFD24D88ABD009AC522 /* AppDelegate.swift */,
				A4BFDFFF24D88ABD009AC522 /* SceneDelegate.swift */,
				A4BFE00124D88ABD009AC522 /* RootController.swift */,
				A42C6E7224DA6BFE001450CC /* FavoritesController.swift */,
				A4BFE01F24D88B6A009AC522 /* HomeController.swift */,
				A474BAEF24D8CFAB00AC16E1 /* DetailsController.swift */,
				A4F6A64624DA62B900FC4CA3 /* DetailsController+Details.swift */,
				A4F6A64824DA648F00FC4CA3 /* DetailsRow.swift */,
				A42C6E7424DB1F3C001450CC /* DisputeCell.swift */,
				A42C6E7624DB31E7001450CC /* ItemView.swift */,
				A45DB82124D8B4B90050A624 /* AccountsStore.swift */,
				A45DB82524D8B7CD0050A624 /* AccountRow.swift */,
				A4BFE03624D894C8009AC522 /* AddAccountController.swift */,
				A4BFE02624D89172009AC522 /* Models.swift */,
				A4BFE00624D88ABE009AC522 /* Assets.xcassets */,
				A4BFE00824D88ABE009AC522 /* LaunchScreen.storyboard */,
				A4BFE00B24D88ABE009AC522 /* Info.plist */,
			);
			path = Gia;
			sourceTree = "<group>";
		};
		A4BFE01324D88ABE009AC522 /* GiaTests */ = {
			isa = PBXGroup;
			children = (
				A4BFE01424D88ABE009AC522 /* GiaTests.swift */,
				A4BFE01624D88ABE009AC522 /* Info.plist */,
			);
			path = GiaTests;
			sourceTree = "<group>";
		};
		A4BFE02324D88F7E009AC522 /* Extensions */ = {
			isa = PBXGroup;
			children = (
				A4BFE02424D88F87009AC522 /* UIViewController+Add.swift */,
				A4BFE03824D89790009AC522 /* Bundle+Decode.swift */,
				A45DB82324D8B7510050A624 /* UITableViewController+EmptyView.swift */,
				A474980824D8D976005AB41B /* UINavigationController+Swipe.swift */,
			);
			path = Extensions;
			sourceTree = "<group>";
		};
		A4BFE02824D89179009AC522 /* Resources */ = {
			isa = PBXGroup;
			children = (
				A4BFE02A24D89189009AC522 /* accounts.json */,
				A4BFE02D24D89189009AC522 /* acctdetails.json */,
				A4BFE02924D89189009AC522 /* disputes.json */,
				A4BFE02B24D89189009AC522 /* invoices.json */,
				A4BFE02C24D89189009AC522 /* payments.json */,
			);
			path = Resources;
			sourceTree = "<group>";
		};
		A4BFE03524D89480009AC522 /* Components */ = {
			isa = PBXGroup;
			children = (
				A4BFE03324D89223009AC522 /* EmptyListController.swift */,
			);
			path = Components;
			sourceTree = "<group>";
		};
/* End PBXGroup section */

/* Begin PBXNativeTarget section */
		A4BFDFF924D88ABD009AC522 /* Gia */ = {
			isa = PBXNativeTarget;
			buildConfigurationList = A4BFE01924D88ABE009AC522 /* Build configuration list for PBXNativeTarget "Gia" */;
			buildPhases = (
				A4BFDFF624D88ABD009AC522 /* Sources */,
				A4BFDFF724D88ABD009AC522 /* Frameworks */,
				A4BFDFF824D88ABD009AC522 /* Resources */,
			);
			buildRules = (
			);
			dependencies = (
			);
			name = Gia;
			productName = Gia;
			productReference = A4BFDFFA24D88ABD009AC522 /* Gia.app */;
			productType = "com.apple.product-type.application";
		};
		A4BFE00F24D88ABE009AC522 /* GiaTests */ = {
			isa = PBXNativeTarget;
			buildConfigurationList = A4BFE01C24D88ABE009AC522 /* Build configuration list for PBXNativeTarget "GiaTests" */;
			buildPhases = (
				A4BFE00C24D88ABE009AC522 /* Sources */,
				A4BFE00D24D88ABE009AC522 /* Frameworks */,
				A4BFE00E24D88ABE009AC522 /* Resources */,
			);
			buildRules = (
			);
			dependencies = (
				A4BFE01224D88ABE009AC522 /* PBXTargetDependency */,
			);
			name = GiaTests;
			productName = GiaTests;
			productReference = A4BFE01024D88ABE009AC522 /* GiaTests.xctest */;
			productType = "com.apple.product-type.bundle.unit-test";
		};
/* End PBXNativeTarget section */

/* Begin PBXProject section */
		A4BFDFF224D88ABD009AC522 /* Project object */ = {
			isa = PBXProject;
			attributes = {
				LastSwiftUpdateCheck = 1160;
				LastUpgradeCheck = 1200;
				ORGANIZATIONNAME = "Prudhvi Gadiraju";
				TargetAttributes = {
					A4BFDFF924D88ABD009AC522 = {
						CreatedOnToolsVersion = 11.6;
					};
					A4BFE00F24D88ABE009AC522 = {
						CreatedOnToolsVersion = 11.6;
						TestTargetID = A4BFDFF924D88ABD009AC522;
					};
				};
			};
			buildConfigurationList = A4BFDFF524D88ABD009AC522 /* Build configuration list for PBXProject "Gia" */;
			compatibilityVersion = "Xcode 9.3";
			developmentRegion = en;
			hasScannedForEncodings = 0;
			knownRegions = (
				en,
				Base,
			);
			mainGroup = A4BFDFF124D88ABD009AC522;
			productRefGroup = A4BFDFFB24D88ABD009AC522 /* Products */;
			projectDirPath = "";
			projectRoot = "";
			targets = (
				A4BFDFF924D88ABD009AC522 /* Gia */,
				A4BFE00F24D88ABE009AC522 /* GiaTests */,
			);
		};
/* End PBXProject section */

/* Begin PBXResourcesBuildPhase section */
		A4BFDFF824D88ABD009AC522 /* Resources */ = {
			isa = PBXResourcesBuildPhase;
			buildActionMask = 2147483647;
			files = (
				A4BFE03024D89189009AC522 /* invoices.json in Resources */,
				A4BFE02E24D89189009AC522 /* disputes.json in Resources */,
				A4BFE03224D89189009AC522 /* acctdetails.json in Resources */,
				A4BFE03124D89189009AC522 /* payments.json in Resources */,
				A4BFE02F24D89189009AC522 /* accounts.json in Resources */,
				A4BFE00A24D88ABE009AC522 /* LaunchScreen.storyboard in Resources */,
				A4BFE00724D88ABE009AC522 /* Assets.xcassets in Resources */,
			);
			runOnlyForDeploymentPostprocessing = 0;
		};
		A4BFE00E24D88ABE009AC522 /* Resources */ = {
			isa = PBXResourcesBuildPhase;
			buildActionMask = 2147483647;
			files = (
			);
			runOnlyForDeploymentPostprocessing = 0;
		};
/* End PBXResourcesBuildPhase section */

/* Begin PBXSourcesBuildPhase section */
		A4BFDFF624D88ABD009AC522 /* Sources */ = {
			isa = PBXSourcesBuildPhase;
			buildActionMask = 2147483647;
			files = (
				A474BAF024D8CFAB00AC16E1 /* DetailsController.swift in Sources */,
				A45DB82624D8B7CD0050A624 /* AccountRow.swift in Sources */,
				A4BFE02024D88B6A009AC522 /* HomeController.swift in Sources */,
				A42C6E7724DB31E7001450CC /* ItemView.swift in Sources */,
				A42C6E7324DA6BFE001450CC /* FavoritesController.swift in Sources */,
				A4BFE03724D894C8009AC522 /* AddAccountController.swift in Sources */,
				A474980924D8D976005AB41B /* UINavigationController+Swipe.swift in Sources */,
				A4BFE02524D88F87009AC522 /* UIViewController+Add.swift in Sources */,
				A4BFE03424D89223009AC522 /* EmptyListController.swift in Sources */,
				A4BFE03924D89790009AC522 /* Bundle+Decode.swift in Sources */,
				A4BFE00224D88ABD009AC522 /* RootController.swift in Sources */,
				A4F6A64924DA648F00FC4CA3 /* DetailsRow.swift in Sources */,
				A45DB82224D8B4B90050A624 /* AccountsStore.swift in Sources */,
				A4F6A64724DA62B900FC4CA3 /* DetailsController+Details.swift in Sources */,
				A4BFDFFE24D88ABD009AC522 /* AppDelegate.swift in Sources */,
				A42C6E7524DB1F3C001450CC /* DisputeCell.swift in Sources */,
				A4BFE00024D88ABD009AC522 /* SceneDelegate.swift in Sources */,
				A4BFE02724D89172009AC522 /* Models.swift in Sources */,
				A45DB82424D8B7510050A624 /* UITableViewController+EmptyView.swift in Sources */,
			);
			runOnlyForDeploymentPostprocessing = 0;
		};
		A4BFE00C24D88ABE009AC522 /* Sources */ = {
			isa = PBXSourcesBuildPhase;
			buildActionMask = 2147483647;
			files = (
				A4BFE01524D88ABE009AC522 /* GiaTests.swift in Sources */,
			);
			runOnlyForDeploymentPostprocessing = 0;
		};
/* End PBXSourcesBuildPhase section */

/* Begin PBXTargetDependency section */
		A4BFE01224D88ABE009AC522 /* PBXTargetDependency */ = {
			isa = PBXTargetDependency;
			target = A4BFDFF924D88ABD009AC522 /* Gia */;
			targetProxy = A4BFE01124D88ABE009AC522 /* PBXContainerItemProxy */;
		};
/* End PBXTargetDependency section */

/* Begin PBXVariantGroup section */
		A4BFE00824D88ABE009AC522 /* LaunchScreen.storyboard */ = {
			isa = PBXVariantGroup;
			children = (
				A4BFE00924D88ABE009AC522 /* Base */,
			);
			name = LaunchScreen.storyboard;
			sourceTree = "<group>";
		};
/* End PBXVariantGroup section */

/* Begin XCBuildConfiguration section */
		A4BFE01724D88ABE009AC522 /* Debug */ = {
			isa = XCBuildConfiguration;
			buildSettings = {
				ALWAYS_SEARCH_USER_PATHS = NO;
				CLANG_ANALYZER_NONNULL = YES;
				CLANG_ANALYZER_NUMBER_OBJECT_CONVERSION = YES_AGGRESSIVE;
				CLANG_CXX_LANGUAGE_STANDARD = "gnu++14";
				CLANG_CXX_LIBRARY = "libc++";
				CLANG_ENABLE_MODULES = YES;
				CLANG_ENABLE_OBJC_ARC = YES;
				CLANG_ENABLE_OBJC_WEAK = YES;
				CLANG_WARN_BLOCK_CAPTURE_AUTORELEASING = YES;
				CLANG_WARN_BOOL_CONVERSION = YES;
				CLANG_WARN_COMMA = YES;
				CLANG_WARN_CONSTANT_CONVERSION = YES;
				CLANG_WARN_DEPRECATED_OBJC_IMPLEMENTATIONS = YES;
				CLANG_WARN_DIRECT_OBJC_ISA_USAGE = YES_ERROR;
				CLANG_WARN_DOCUMENTATION_COMMENTS = YES;
				CLANG_WARN_EMPTY_BODY = YES;
				CLANG_WARN_ENUM_CONVERSION = YES;
				CLANG_WARN_INFINITE_RECURSION = YES;
				CLANG_WARN_INT_CONVERSION = YES;
				CLANG_WARN_NON_LITERAL_NULL_CONVERSION = YES;
				CLANG_WARN_OBJC_IMPLICIT_RETAIN_SELF = YES;
				CLANG_WARN_OBJC_LITERAL_CONVERSION = YES;
				CLANG_WARN_OBJC_ROOT_CLASS = YES_ERROR;
				CLANG_WARN_QUOTED_INCLUDE_IN_FRAMEWORK_HEADER = YES;
				CLANG_WARN_RANGE_LOOP_ANALYSIS = YES;
				CLANG_WARN_STRICT_PROTOTYPES = YES;
				CLANG_WARN_SUSPICIOUS_MOVE = YES;
				CLANG_WARN_UNGUARDED_AVAILABILITY = YES_AGGRESSIVE;
				CLANG_WARN_UNREACHABLE_CODE = YES;
				CLANG_WARN__DUPLICATE_METHOD_MATCH = YES;
				COPY_PHASE_STRIP = NO;
				DEBUG_INFORMATION_FORMAT = dwarf;
				ENABLE_STRICT_OBJC_MSGSEND = YES;
				ENABLE_TESTABILITY = YES;
				GCC_C_LANGUAGE_STANDARD = gnu11;
				GCC_DYNAMIC_NO_PIC = NO;
				GCC_NO_COMMON_BLOCKS = YES;
				GCC_OPTIMIZATION_LEVEL = 0;
				GCC_PREPROCESSOR_DEFINITIONS = (
					"DEBUG=1",
					"$(inherited)",
				);
				GCC_WARN_64_TO_32_BIT_CONVERSION = YES;
				GCC_WARN_ABOUT_RETURN_TYPE = YES_ERROR;
				GCC_WARN_UNDECLARED_SELECTOR = YES;
				GCC_WARN_UNINITIALIZED_AUTOS = YES_AGGRESSIVE;
				GCC_WARN_UNUSED_FUNCTION = YES;
				GCC_WARN_UNUSED_VARIABLE = YES;
				IPHONEOS_DEPLOYMENT_TARGET = 13.6;
				MTL_ENABLE_DEBUG_INFO = INCLUDE_SOURCE;
				MTL_FAST_MATH = YES;
				ONLY_ACTIVE_ARCH = YES;
				SDKROOT = iphoneos;
				SWIFT_ACTIVE_COMPILATION_CONDITIONS = DEBUG;
				SWIFT_OPTIMIZATION_LEVEL = "-Onone";
			};
			name = Debug;
		};
		A4BFE01824D88ABE009AC522 /* Release */ = {
			isa = XCBuildConfiguration;
			buildSettings = {
				ALWAYS_SEARCH_USER_PATHS = NO;
				CLANG_ANALYZER_NONNULL = YES;
				CLANG_ANALYZER_NUMBER_OBJECT_CONVERSION = YES_AGGRESSIVE;
				CLANG_CXX_LANGUAGE_STANDARD = "gnu++14";
				CLANG_CXX_LIBRARY = "libc++";
				CLANG_ENABLE_MODULES = YES;
				CLANG_ENABLE_OBJC_ARC = YES;
				CLANG_ENABLE_OBJC_WEAK = YES;
				CLANG_WARN_BLOCK_CAPTURE_AUTORELEASING = YES;
				CLANG_WARN_BOOL_CONVERSION = YES;
				CLANG_WARN_COMMA = YES;
				CLANG_WARN_CONSTANT_CONVERSION = YES;
				CLANG_WARN_DEPRECATED_OBJC_IMPLEMENTATIONS = YES;
				CLANG_WARN_DIRECT_OBJC_ISA_USAGE = YES_ERROR;
				CLANG_WARN_DOCUMENTATION_COMMENTS = YES;
				CLANG_WARN_EMPTY_BODY = YES;
				CLANG_WARN_ENUM_CONVERSION = YES;
				CLANG_WARN_INFINITE_RECURSION = YES;
				CLANG_WARN_INT_CONVERSION = YES;
				CLANG_WARN_NON_LITERAL_NULL_CONVERSION = YES;
				CLANG_WARN_OBJC_IMPLICIT_RETAIN_SELF = YES;
				CLANG_WARN_OBJC_LITERAL_CONVERSION = YES;
				CLANG_WARN_OBJC_ROOT_CLASS = YES_ERROR;
				CLANG_WARN_QUOTED_INCLUDE_IN_FRAMEWORK_HEADER = YES;
				CLANG_WARN_RANGE_LOOP_ANALYSIS = YES;
				CLANG_WARN_STRICT_PROTOTYPES = YES;
				CLANG_WARN_SUSPICIOUS_MOVE = YES;
				CLANG_WARN_UNGUARDED_AVAILABILITY = YES_AGGRESSIVE;
				CLANG_WARN_UNREACHABLE_CODE = YES;
				CLANG_WARN__DUPLICATE_METHOD_MATCH = YES;
				COPY_PHASE_STRIP = NO;
				DEBUG_INFORMATION_FORMAT = "dwarf-with-dsym";
				ENABLE_NS_ASSERTIONS = NO;
				ENABLE_STRICT_OBJC_MSGSEND = YES;
				GCC_C_LANGUAGE_STANDARD = gnu11;
				GCC_NO_COMMON_BLOCKS = YES;
				GCC_WARN_64_TO_32_BIT_CONVERSION = YES;
				GCC_WARN_ABOUT_RETURN_TYPE = YES_ERROR;
				GCC_WARN_UNDECLARED_SELECTOR = YES;
				GCC_WARN_UNINITIALIZED_AUTOS = YES_AGGRESSIVE;
				GCC_WARN_UNUSED_FUNCTION = YES;
				GCC_WARN_UNUSED_VARIABLE = YES;
				IPHONEOS_DEPLOYMENT_TARGET = 13.6;
				MTL_ENABLE_DEBUG_INFO = NO;
				MTL_FAST_MATH = YES;
				SDKROOT = iphoneos;
				SWIFT_COMPILATION_MODE = wholemodule;
				SWIFT_OPTIMIZATION_LEVEL = "-O";
				VALIDATE_PRODUCT = YES;
			};
			name = Release;
		};
		A4BFE01A24D88ABE009AC522 /* Debug */ = {
			isa = XCBuildConfiguration;
			buildSettings = {
				ASSETCATALOG_COMPILER_APPICON_NAME = AppIcon;
				CODE_SIGN_STYLE = Automatic;
				DEVELOPMENT_TEAM = 4479HNAQMJ;
				INFOPLIST_FILE = Gia/Info.plist;
				LD_RUNPATH_SEARCH_PATHS = (
					"$(inherited)",
					"@executable_path/Frameworks",
				);
				PRODUCT_BUNDLE_IDENTIFIER = com.krezzi.Gia;
				PRODUCT_NAME = "$(TARGET_NAME)";
				SWIFT_VERSION = 5.0;
				TARGETED_DEVICE_FAMILY = 1;
			};
			name = Debug;
		};
		A4BFE01B24D88ABE009AC522 /* Release */ = {
			isa = XCBuildConfiguration;
			buildSettings = {
				ASSETCATALOG_COMPILER_APPICON_NAME = AppIcon;
				CODE_SIGN_STYLE = Automatic;
				DEVELOPMENT_TEAM = 4479HNAQMJ;
				INFOPLIST_FILE = Gia/Info.plist;
				LD_RUNPATH_SEARCH_PATHS = (
					"$(inherited)",
					"@executable_path/Frameworks",
				);
				PRODUCT_BUNDLE_IDENTIFIER = com.krezzi.Gia;
				PRODUCT_NAME = "$(TARGET_NAME)";
				SWIFT_VERSION = 5.0;
				TARGETED_DEVICE_FAMILY = 1;
			};
			name = Release;
		};
		A4BFE01D24D88ABE009AC522 /* Debug */ = {
			isa = XCBuildConfiguration;
			buildSettings = {
				ALWAYS_EMBED_SWIFT_STANDARD_LIBRARIES = YES;
				BUNDLE_LOADER = "$(TEST_HOST)";
				CODE_SIGN_STYLE = Automatic;
				DEVELOPMENT_TEAM = 4479HNAQMJ;
				INFOPLIST_FILE = GiaTests/Info.plist;
				IPHONEOS_DEPLOYMENT_TARGET = 13.6;
				LD_RUNPATH_SEARCH_PATHS = (
					"$(inherited)",
					"@executable_path/Frameworks",
					"@loader_path/Frameworks",
				);
				PRODUCT_BUNDLE_IDENTIFIER = com.krezzi.GiaTests;
				PRODUCT_NAME = "$(TARGET_NAME)";
				SWIFT_VERSION = 5.0;
				TARGETED_DEVICE_FAMILY = "1,2";
				TEST_HOST = "$(BUILT_PRODUCTS_DIR)/Gia.app/Gia";
			};
			name = Debug;
		};
		A4BFE01E24D88ABE009AC522 /* Release */ = {
			isa = XCBuildConfiguration;
			buildSettings = {
				ALWAYS_EMBED_SWIFT_STANDARD_LIBRARIES = YES;
				BUNDLE_LOADER = "$(TEST_HOST)";
				CODE_SIGN_STYLE = Automatic;
				DEVELOPMENT_TEAM = 4479HNAQMJ;
				INFOPLIST_FILE = GiaTests/Info.plist;
				IPHONEOS_DEPLOYMENT_TARGET = 13.6;
				LD_RUNPATH_SEARCH_PATHS = (
					"$(inherited)",
					"@executable_path/Frameworks",
					"@loader_path/Frameworks",
				);
				PRODUCT_BUNDLE_IDENTIFIER = com.krezzi.GiaTests;
				PRODUCT_NAME = "$(TARGET_NAME)";
				SWIFT_VERSION = 5.0;
				TARGETED_DEVICE_FAMILY = "1,2";
				TEST_HOST = "$(BUILT_PRODUCTS_DIR)/Gia.app/Gia";
			};
			name = Release;
		};
/* End XCBuildConfiguration section */

/* Begin XCConfigurationList section */
		A4BFDFF524D88ABD009AC522 /* Build configuration list for PBXProject "Gia" */ = {
			isa = XCConfigurationList;
			buildConfigurations = (
				A4BFE01724D88ABE009AC522 /* Debug */,
				A4BFE01824D88ABE009AC522 /* Release */,
			);
			defaultConfigurationIsVisible = 0;
			defaultConfigurationName = Release;
		};
		A4BFE01924D88ABE009AC522 /* Build configuration list for PBXNativeTarget "Gia" */ = {
			isa = XCConfigurationList;
			buildConfigurations = (
				A4BFE01A24D88ABE009AC522 /* Debug */,
				A4BFE01B24D88ABE009AC522 /* Release */,
			);
			defaultConfigurationIsVisible = 0;
			defaultConfigurationName = Release;
		};
		A4BFE01C24D88ABE009AC522 /* Build configuration list for PBXNativeTarget "GiaTests" */ = {
			isa = XCConfigurationList;
			buildConfigurations = (
				A4BFE01D24D88ABE009AC522 /* Debug */,
				A4BFE01E24D88ABE009AC522 /* Release */,
			);
			defaultConfigurationIsVisible = 0;
			defaultConfigurationName = Release;
		};
/* End XCConfigurationList section */
	};
	rootObject = A4BFDFF224D88ABD009AC522 /* Project object */;
}
